
Microsoft Visual Studio Solution File, Format Version 12.00
# Visual Studio Version 17
VisualStudioVersion = 17.5.33516.290
MinimumVisualStudioVersion = 10.0.40219.1
Project("{FAE04EC0-301F-11D3-BF4B-00C04F79EFBC}") = "Employee-Leave-Management-System.Web", "Employee-Leave-Management-System.Web\Employee-Leave-Management-System.Web.csproj", "{7ED2C0E8-4AB8-4BF2-A92D-D6B8E7BC2399}"
EndProject
Global
	GlobalSection(SolutionConfigurationPlatforms) = preSolution
		Debug|Any CPU = Debug|Any CPU
		Release|Any CPU = Release|Any CPU
	EndGlobalSection
	GlobalSection(ProjectConfigurationPlatforms) = postSolution
		{7ED2C0E8-4AB8-4BF2-A92D-D6B8E7BC2399}.Debug|Any CPU.ActiveCfg = Debug|Any CPU
		{7ED2C0E8-4AB8-4BF2-A92D-D6B8E7BC2399}.Debug|Any CPU.Build.0 = Debug|Any CPU
		{7ED2C0E8-4AB8-4BF2-A92D-D6B8E7BC2399}.Release|Any CPU.ActiveCfg = Release|Any CPU
		{7ED2C0E8-4AB8-4BF2-A92D-D6B8E7BC2399}.Release|Any CPU.Build.0 = Release|Any CPU
	EndGlobalSection
	GlobalSection(SolutionProperties) = preSolution
		HideSolutionNode = FALSE
	EndGlobalSection
	GlobalSection(ExtensibilityGlobals) = postSolution
		SolutionGuid = {38BA1EC8-CFE3-48F7-A07F-DACCE73F1D96}
	EndGlobalSection
EndGlobal
